
Microsoft Visual Studio Solution File, Format Version 12.00
# Visual Studio Version 17
VisualStudioVersion = 17.3.32825.248
MinimumVisualStudioVersion = 10.0.40219.1
Project("{FAE04EC0-301F-11D3-BF4B-00C04F79EFBC}") = "ServiciosWebCS", "ServiciosWebCS\ServiciosWebCS.csproj", "{00E738CD-EB69-440A-A450-C09FEDF4B6C8}"
EndProject
Global
	GlobalSection(SolutionConfigurationPlatforms) = preSolution
		Debug|Any CPU = Debug|Any CPU
		Release|Any CPU = Release|Any CPU
	EndGlobalSection
	GlobalSection(ProjectConfigurationPlatforms) = postSolution
		{00E738CD-EB69-440A-A450-C09FEDF4B6C8}.Debug|Any CPU.ActiveCfg = Debug|Any CPU
		{00E738CD-EB69-440A-A450-C09FEDF4B6C8}.Debug|Any CPU.Build.0 = Debug|Any CPU
		{00E738CD-EB69-440A-A450-C09FEDF4B6C8}.Release|Any CPU.ActiveCfg = Release|Any CPU
		{00E738CD-EB69-440A-A450-C09FEDF4B6C8}.Release|Any CPU.Build.0 = Release|Any CPU
	EndGlobalSection
	GlobalSection(SolutionProperties) = preSolution
		HideSolutionNode = FALSE
	EndGlobalSection
	GlobalSection(ExtensibilityGlobals) = postSolution
		SolutionGuid = {C5A612E3-2C51-49C3-B83E-4723256372AD}
	EndGlobalSection
EndGlobal
